
Microsoft Visual Studio Solution File, Format Version 12.00
# Visual Studio Version 16
VisualStudioVersion = 16.0.29411.108
MinimumVisualStudioVersion = 10.0.40219.1
Project("{8BC9CEB8-8B4A-11D0-8D11-00A0C91BC942}") = "stm", "stm\stm.vcxproj", "{FF0D3D9E-4162-430C-A275-E0743E776C9A}"
EndProject
Project("{8BC9CEB8-8B4A-11D0-8D11-00A0C91BC942}") = "hidapiw", "hidapiw\hidapiw\hidapiw.vcxproj", "{707EB569-886D-480C-BB86-1A3787B71BEC}"
EndProject
Project("{8BC9CEB8-8B4A-11D0-8D11-00A0C91BC942}") = "hidapiw_native", "hidapiw\hidapiw_native\hidapiw_native.vcxproj", "{3D753EEE-D6A9-4F23-A28E-188ED637A991}"
EndProject
Project("{9A19103F-16F7-4668-BE54-9A1E7A4F7556}") = "TuneYaDRV", "TuneYaDRV\TuneYaDRV.csproj", "{33402F03-5F5F-4CA0-B29C-CF72AC4B99C7}"
EndProject
Project("{9A19103F-16F7-4668-BE54-9A1E7A4F7556}") = "TMCRegisterControl", "TMCRegisterControl\TMCRegisterControl.csproj", "{108E74DA-443A-4CEF-ACD5-CA406D134DC7}"
EndProject
Project("{9A19103F-16F7-4668-BE54-9A1E7A4F7556}") = "UsbHIDControl", "UsbHIDControl\UsbHIDControl.csproj", "{9D8ADAD7-31EE-4647-9633-FCB4AEEBA3CB}"
EndProject
Project("{9A19103F-16F7-4668-BE54-9A1E7A4F7556}") = "Events", "Events\Events.csproj", "{D2470562-0750-4F9F-92EF-92F0B02023DB}"
EndProject
Project("{8BC9CEB8-8B4A-11D0-8D11-00A0C91BC942}") = "tmcCLIw", "tmcCLIw\tmcCLIw.vcxproj", "{91549300-B30A-4904-9297-9B294A3BF9F2}"
EndProject
Global
	GlobalSection(SolutionConfigurationPlatforms) = preSolution
		Debug|VisualGDB = Debug|VisualGDB
		Debug|x64 = Debug|x64
		Debug|x86 = Debug|x86
		Release|VisualGDB = Release|VisualGDB
		Release|x64 = Release|x64
		Release|x86 = Release|x86
	EndGlobalSection
	GlobalSection(ProjectConfigurationPlatforms) = postSolution
		{FF0D3D9E-4162-430C-A275-E0743E776C9A}.Debug|VisualGDB.ActiveCfg = Debug|VisualGDB
		{FF0D3D9E-4162-430C-A275-E0743E776C9A}.Debug|VisualGDB.Build.0 = Debug|VisualGDB
		{FF0D3D9E-4162-430C-A275-E0743E776C9A}.Debug|x64.ActiveCfg = Debug|VisualGDB
		{FF0D3D9E-4162-430C-A275-E0743E776C9A}.Debug|x86.ActiveCfg = Debug|VisualGDB
		{FF0D3D9E-4162-430C-A275-E0743E776C9A}.Release|VisualGDB.ActiveCfg = Release|VisualGDB
		{FF0D3D9E-4162-430C-A275-E0743E776C9A}.Release|VisualGDB.Build.0 = Release|VisualGDB
		{FF0D3D9E-4162-430C-A275-E0743E776C9A}.Release|x64.ActiveCfg = Release|VisualGDB
		{FF0D3D9E-4162-430C-A275-E0743E776C9A}.Release|x86.ActiveCfg = Release|VisualGDB
		{707EB569-886D-480C-BB86-1A3787B71BEC}.Debug|VisualGDB.ActiveCfg = Debug|Win32
		{707EB569-886D-480C-BB86-1A3787B71BEC}.Debug|x64.ActiveCfg = Debug|x64
		{707EB569-886D-480C-BB86-1A3787B71BEC}.Debug|x64.Build.0 = Debug|x64
		{707EB569-886D-480C-BB86-1A3787B71BEC}.Debug|x86.ActiveCfg = Debug|Win32
		{707EB569-886D-480C-BB86-1A3787B71BEC}.Debug|x86.Build.0 = Debug|Win32
		{707EB569-886D-480C-BB86-1A3787B71BEC}.Release|VisualGDB.ActiveCfg = Release|Win32
		{707EB569-886D-480C-BB86-1A3787B71BEC}.Release|x64.ActiveCfg = Release|x64
		{707EB569-886D-480C-BB86-1A3787B71BEC}.Release|x64.Build.0 = Release|x64
		{707EB569-886D-480C-BB86-1A3787B71BEC}.Release|x86.ActiveCfg = Release|Win32
		{707EB569-886D-480C-BB86-1A3787B71BEC}.Release|x86.Build.0 = Release|Win32
		{3D753EEE-D6A9-4F23-A28E-188ED637A991}.Debug|VisualGDB.ActiveCfg = Debug|Win32
		{3D753EEE-D6A9-4F23-A28E-188ED637A991}.Debug|x64.ActiveCfg = Debug|x64
		{3D753EEE-D6A9-4F23-A28E-188ED637A991}.Debug|x64.Build.0 = Debug|x64
		{3D753EEE-D6A9-4F23-A28E-188ED637A991}.Debug|x86.ActiveCfg = Debug|Win32
		{3D753EEE-D6A9-4F23-A28E-188ED637A991}.Debug|x86.Build.0 = Debug|Win32
		{3D753EEE-D6A9-4F23-A28E-188ED637A991}.Release|VisualGDB.ActiveCfg = Release|Win32
		{3D753EEE-D6A9-4F23-A28E-188ED637A991}.Release|x64.ActiveCfg = Release|x64
		{3D753EEE-D6A9-4F23-A28E-188ED637A991}.Release|x64.Build.0 = Release|x64
		{3D753EEE-D6A9-4F23-A28E-188ED637A991}.Release|x86.ActiveCfg = Release|Win32
		{3D753EEE-D6A9-4F23-A28E-188ED637A991}.Release|x86.Build.0 = Release|Win32
		{33402F03-5F5F-4CA0-B29C-CF72AC4B99C7}.Debug|VisualGDB.ActiveCfg = Debug|x86
		{33402F03-5F5F-4CA0-B29C-CF72AC4B99C7}.Debug|x64.ActiveCfg = Debug|x64
		{33402F03-5F5F-4CA0-B29C-CF72AC4B99C7}.Debug|x64.Build.0 = Debug|x64
		{33402F03-5F5F-4CA0-B29C-CF72AC4B99C7}.Debug|x86.ActiveCfg = Debug|x86
		{33402F03-5F5F-4CA0-B29C-CF72AC4B99C7}.Debug|x86.Build.0 = Debug|x86
		{33402F03-5F5F-4CA0-B29C-CF72AC4B99C7}.Release|VisualGDB.ActiveCfg = Release|x86
		{33402F03-5F5F-4CA0-B29C-CF72AC4B99C7}.Release|x64.ActiveCfg = Release|x64
		{33402F03-5F5F-4CA0-B29C-CF72AC4B99C7}.Release|x64.Build.0 = Release|x64
		{33402F03-5F5F-4CA0-B29C-CF72AC4B99C7}.Release|x86.ActiveCfg = Release|x86
		{33402F03-5F5F-4CA0-B29C-CF72AC4B99C7}.Release|x86.Build.0 = Release|x86
		{108E74DA-443A-4CEF-ACD5-CA406D134DC7}.Debug|VisualGDB.ActiveCfg = Debug|x86
		{108E74DA-443A-4CEF-ACD5-CA406D134DC7}.Debug|x64.ActiveCfg = Debug|x64
		{108E74DA-443A-4CEF-ACD5-CA406D134DC7}.Debug|x64.Build.0 = Debug|x64
		{108E74DA-443A-4CEF-ACD5-CA406D134DC7}.Debug|x86.ActiveCfg = Debug|x86
		{108E74DA-443A-4CEF-ACD5-CA406D134DC7}.Debug|x86.Build.0 = Debug|x86
		{108E74DA-443A-4CEF-ACD5-CA406D134DC7}.Release|VisualGDB.ActiveCfg = Release|x86
		{108E74DA-443A-4CEF-ACD5-CA406D134DC7}.Release|x64.ActiveCfg = Release|x64
		{108E74DA-443A-4CEF-ACD5-CA406D134DC7}.Release|x64.Build.0 = Release|x64
		{108E74DA-443A-4CEF-ACD5-CA406D134DC7}.Release|x86.ActiveCfg = Release|x86
		{108E74DA-443A-4CEF-ACD5-CA406D134DC7}.Release|x86.Build.0 = Release|x86
		{9D8ADAD7-31EE-4647-9633-FCB4AEEBA3CB}.Debug|VisualGDB.ActiveCfg = Debug|x86
		{9D8ADAD7-31EE-4647-9633-FCB4AEEBA3CB}.Debug|x64.ActiveCfg = Debug|x64
		{9D8ADAD7-31EE-4647-9633-FCB4AEEBA3CB}.Debug|x64.Build.0 = Debug|x64
		{9D8ADAD7-31EE-4647-9633-FCB4AEEBA3CB}.Debug|x86.ActiveCfg = Debug|x86
		{9D8ADAD7-31EE-4647-9633-FCB4AEEBA3CB}.Debug|x86.Build.0 = Debug|x86
		{9D8ADAD7-31EE-4647-9633-FCB4AEEBA3CB}.Release|VisualGDB.ActiveCfg = Release|x86
		{9D8ADAD7-31EE-4647-9633-FCB4AEEBA3CB}.Release|x64.ActiveCfg = Release|x64
		{9D8ADAD7-31EE-4647-9633-FCB4AEEBA3CB}.Release|x64.Build.0 = Release|x64
		{9D8ADAD7-31EE-4647-9633-FCB4AEEBA3CB}.Release|x86.ActiveCfg = Release|x86
		{9D8ADAD7-31EE-4647-9633-FCB4AEEBA3CB}.Release|x86.Build.0 = Release|x86
		{D2470562-0750-4F9F-92EF-92F0B02023DB}.Debug|VisualGDB.ActiveCfg = Debug|Any CPU
		{D2470562-0750-4F9F-92EF-92F0B02023DB}.Debug|x64.ActiveCfg = Debug|x64
		{D2470562-0750-4F9F-92EF-92F0B02023DB}.Debug|x64.Build.0 = Debug|x64
		{D2470562-0750-4F9F-92EF-92F0B02023DB}.Debug|x86.ActiveCfg = Debug|x86
		{D2470562-0750-4F9F-92EF-92F0B02023DB}.Debug|x86.Build.0 = Debug|x86
		{D2470562-0750-4F9F-92EF-92F0B02023DB}.Release|VisualGDB.ActiveCfg = Release|Any CPU
		{D2470562-0750-4F9F-92EF-92F0B02023DB}.Release|x64.ActiveCfg = Release|x64
		{D2470562-0750-4F9F-92EF-92F0B02023DB}.Release|x64.Build.0 = Release|x64
		{D2470562-0750-4F9F-92EF-92F0B02023DB}.Release|x86.ActiveCfg = Release|x86
		{D2470562-0750-4F9F-92EF-92F0B02023DB}.Release|x86.Build.0 = Release|x86
		{91549300-B30A-4904-9297-9B294A3BF9F2}.Debug|VisualGDB.ActiveCfg = Debug|Win32
		{91549300-B30A-4904-9297-9B294A3BF9F2}.Debug|x64.ActiveCfg = Debug|x64
		{91549300-B30A-4904-9297-9B294A3BF9F2}.Debug|x64.Build.0 = Debug|x64
		{91549300-B30A-4904-9297-9B294A3BF9F2}.Debug|x86.ActiveCfg = Debug|Win32
		{91549300-B30A-4904-9297-9B294A3BF9F2}.Debug|x86.Build.0 = Debug|Win32
		{91549300-B30A-4904-9297-9B294A3BF9F2}.Release|VisualGDB.ActiveCfg = Release|Win32
		{91549300-B30A-4904-9297-9B294A3BF9F2}.Release|x64.ActiveCfg = Release|x64
		{91549300-B30A-4904-9297-9B294A3BF9F2}.Release|x64.Build.0 = Release|x64
		{91549300-B30A-4904-9297-9B294A3BF9F2}.Release|x86.ActiveCfg = Release|Win32
		{91549300-B30A-4904-9297-9B294A3BF9F2}.Release|x86.Build.0 = Release|Win32
	EndGlobalSection
	GlobalSection(SolutionProperties) = preSolution
		HideSolutionNode = FALSE
	EndGlobalSection
	GlobalSection(ExtensibilityGlobals) = postSolution
		SolutionGuid = {CA8EF0A3-69A0-4D64-9EDE-0BA834DA75E1}
	EndGlobalSection
EndGlobal
