
Microsoft Visual Studio Solution File, Format Version 12.00
# Visual Studio 15
VisualStudioVersion = 15.0.28307.329
MinimumVisualStudioVersion = 10.0.40219.1
Project("{8BC9CEB8-8B4A-11D0-8D11-00A0C91BC942}") = "stm32f07", "stm32f07.vcxproj", "{6739DD8E-8B4A-4984-94F8-010C125D737A}"
EndProject
Global
	GlobalSection(SolutionConfigurationPlatforms) = preSolution
		Debug|VisualGDB = Debug|VisualGDB
		Release|VisualGDB = Release|VisualGDB
	EndGlobalSection
	GlobalSection(ProjectConfigurationPlatforms) = postSolution
		{6739DD8E-8B4A-4984-94F8-010C125D737A}.Debug|VisualGDB.ActiveCfg = Debug|VisualGDB
		{6739DD8E-8B4A-4984-94F8-010C125D737A}.Debug|VisualGDB.Build.0 = Debug|VisualGDB
		{6739DD8E-8B4A-4984-94F8-010C125D737A}.Release|VisualGDB.ActiveCfg = Release|VisualGDB
		{6739DD8E-8B4A-4984-94F8-010C125D737A}.Release|VisualGDB.Build.0 = Release|VisualGDB
	EndGlobalSection
	GlobalSection(SolutionProperties) = preSolution
		HideSolutionNode = FALSE
	EndGlobalSection
	GlobalSection(ExtensibilityGlobals) = postSolution
		SolutionGuid = {CA8EF0A3-69A0-4D64-9EDE-0BA834DA75E1}
	EndGlobalSection
EndGlobal
